
Microsoft Visual Studio Solution File, Format Version 12.00
# Visual Studio Version 16
VisualStudioVersion = 16.0.29728.190
MinimumVisualStudioVersion = 10.0.40219.1
Project("{FAE04EC0-301F-11D3-BF4B-00C04F79EFBC}") = "LerArquvivoIni", "LerArquivoIni\LerArquivoIni.csproj", "{09D81305-CD41-4958-A881-9A27B01E8710}"
EndProject
Global
	GlobalSection(SolutionConfigurationPlatforms) = preSolution
		Debug|Any CPU = Debug|Any CPU
		Release|Any CPU = Release|Any CPU
	EndGlobalSection
	GlobalSection(ProjectConfigurationPlatforms) = postSolution
		{09D81305-CD41-4958-A881-9A27B01E8710}.Debug|Any CPU.ActiveCfg = Debug|Any CPU
		{09D81305-CD41-4958-A881-9A27B01E8710}.Debug|Any CPU.Build.0 = Debug|Any CPU
		{09D81305-CD41-4958-A881-9A27B01E8710}.Release|Any CPU.ActiveCfg = Release|Any CPU
		{09D81305-CD41-4958-A881-9A27B01E8710}.Release|Any CPU.Build.0 = Release|Any CPU
	EndGlobalSection
	GlobalSection(SolutionProperties) = preSolution
		HideSolutionNode = FALSE
	EndGlobalSection
	GlobalSection(ExtensibilityGlobals) = postSolution
		SolutionGuid = {C5BB2751-D5E2-4E53-9450-9B47722AD9EE}
	EndGlobalSection
EndGlobal
